{
  "name": "wtfjs-get-license",
  "requires": true,
  "lockfileVersion": 1,
  "dependencies": {
    "@architect/data": {
      "version": "2.0.5",
      "resolved": "https://registry.npmjs.org/@architect/data/-/data-2.0.5.tgz",
      "integrity": "sha512-potdYRGmgpelOfGncPw6W2iCUyJ7S+N8hdFxM/Uc9Hh6V9cQIBQK9nuinogaNGkGTQTk7MiN86Szszynp1uWjw==",
      "requires": {
        "@architect/parser": "^1.0.6",
        "chalk": "^2.3.0"
      }
    },
    "@architect/functions": {
      "version": "1.9.2",
      "resolved": "https://registry.npmjs.org/@architect/functions/-/functions-1.9.2.tgz",
      "integrity": "sha512-nQFEc2deBwKYTUR8Do6gwx2oIPyyviIoEeV6OQiE+WCcP+rLslkE0zArGiDUj11GgzCF6VWblto5vKTaM1spNQ==",
      "requires": {
        "@architect/parser": "^1.1.0",
        "@smallwins/err": "^1.0.0",
        "cookie": "^0.3.1",
        "cookie-signature": "^1.1.0",
        "csrf": "^3.0.6",
        "is-plain-object": "^2.0.4",
        "run-parallel": "^1.1.9",
        "run-waterfall": "^1.1.6",
        "serialize-error": "^2.1.0",
        "uid-safe": "^2.1.5"
      }
    },
    "@architect/parser": {
      "version": "1.1.2",
      "resolved": "https://registry.npmjs.org/@architect/parser/-/parser-1.1.2.tgz",
      "integrity": "sha512-MrCoCcZnEhvLI+6BiOs45/qAWD/NnpBY/fLnX1MSxyzr9DR5cz8lat0Nip1E+a10h5BxLpMoFO/nXUWEfq3OQA=="
    },
    "@smallwins/err": {
      "version": "1.0.0",
      "resolved": "https://registry.npmjs.org/@smallwins/err/-/err-1.0.0.tgz",
      "integrity": "sha1-tk2WSldWcGukV/Dhwtem7h2GZwA=",
      "requires": {
        "clean-stack": "^1.3.0",
        "serialize-error": "^2.1.0"
      }
    },
    "ansi-styles": {
      "version": "3.2.1",
      "resolved": "https://registry.npmjs.org/ansi-styles/-/ansi-styles-3.2.1.tgz",
      "integrity": "sha512-VT0ZI6kZRdTh8YyJw3SMbYm/u+NqfsAxEpWO0Pf9sq8/e94WxxOpPKx9FR1FlyCtOVDNOQ+8ntlqFxiRc+r5qA==",
      "requires": {
        "color-convert": "^1.9.0"
      }
    },
    "chalk": {
      "version": "2.4.1",
      "resolved": "https://registry.npmjs.org/chalk/-/chalk-2.4.1.tgz",
      "integrity": "sha512-ObN6h1v2fTJSmUXoS3nMQ92LbDK9be4TV+6G+omQlGJFdcUX5heKi1LZ1YnRMIgwTLEj3E24bT6tYni50rlCfQ==",
      "requires": {
        "ansi-styles": "^3.2.1",
        "escape-string-regexp": "^1.0.5",
        "supports-color": "^5.3.0"
      }
    },
    "clean-stack": {
      "version": "1.3.0",
      "resolved": "https://registry.npmjs.org/clean-stack/-/clean-stack-1.3.0.tgz",
      "integrity": "sha1-noIVAa6XmYbEax1m0tQy2y/UrjE="
    },
    "color-convert": {
      "version": "1.9.3",
      "resolved": "https://registry.npmjs.org/color-convert/-/color-convert-1.9.3.tgz",
      "integrity": "sha512-QfAUtd+vFdAtFQcC8CCyYt1fYWxSqAiK2cSD6zDB8N3cpsEBAvRxp9zOGg6G/SHHJYAT88/az/IuDGALsNVbGg==",
      "requires": {
        "color-name": "1.1.3"
      }
    },
    "color-name": {
      "version": "1.1.3",
      "resolved": "https://registry.npmjs.org/color-name/-/color-name-1.1.3.tgz",
      "integrity": "sha1-p9BVi9icQveV3UIyj3QIMcpTvCU="
    },
    "cookie": {
      "version": "0.3.1",
      "resolved": "https://registry.npmjs.org/cookie/-/cookie-0.3.1.tgz",
      "integrity": "sha1-5+Ch+e9DtMi6klxcWpboBtFoc7s="
    },
    "cookie-signature": {
      "version": "1.1.0",
      "resolved": "https://registry.npmjs.org/cookie-signature/-/cookie-signature-1.1.0.tgz",
      "integrity": "sha512-Alvs19Vgq07eunykd3Xy2jF0/qSNv2u7KDbAek9H5liV1UMijbqFs5cycZvv5dVsvseT/U4H8/7/w8Koh35C4A=="
    },
    "csrf": {
      "version": "3.0.6",
      "resolved": "https://registry.npmjs.org/csrf/-/csrf-3.0.6.tgz",
      "integrity": "sha1-thEg3c7q/JHnbtUxO7XAsmZ7cQo=",
      "requires": {
        "rndm": "1.2.0",
        "tsscmp": "1.0.5",
        "uid-safe": "2.1.4"
      },
      "dependencies": {
        "uid-safe": {
          "version": "2.1.4",
          "resolved": "https://registry.npmjs.org/uid-safe/-/uid-safe-2.1.4.tgz",
          "integrity": "sha1-Otbzg2jG1MjHXsF2I/t5qh0HHYE=",
          "requires": {
            "random-bytes": "~1.0.0"
          }
        }
      }
    },
    "escape-string-regexp": {
      "version": "1.0.5",
      "resolved": "https://registry.npmjs.org/escape-string-regexp/-/escape-string-regexp-1.0.5.tgz",
      "integrity": "sha1-G2HAViGQqN/2rjuyzwIAyhMLhtQ="
    },
    "has-flag": {
      "version": "3.0.0",
      "resolved": "https://registry.npmjs.org/has-flag/-/has-flag-3.0.0.tgz",
      "integrity": "sha1-tdRU3CGZriJWmfNGfloH87lVuv0="
    },
    "is-plain-object": {
      "version": "2.0.4",
      "resolved": "https://registry.npmjs.org/is-plain-object/-/is-plain-object-2.0.4.tgz",
      "integrity": "sha512-h5PpgXkWitc38BBMYawTYMWJHFZJVnBquFE57xFpjB8pJFiF6gZ+bU+WyI/yqXiFR5mdLsgYNaPe8uao6Uv9Og==",
      "requires": {
        "isobject": "^3.0.1"
      }
    },
    "isobject": {
      "version": "3.0.1",
      "resolved": "https://registry.npmjs.org/isobject/-/isobject-3.0.1.tgz",
      "integrity": "sha1-TkMekrEalzFjaqH5yNHMvP2reN8="
    },
    "random-bytes": {
      "version": "1.0.0",
      "resolved": "https://registry.npmjs.org/random-bytes/-/random-bytes-1.0.0.tgz",
      "integrity": "sha1-T2ih3Arli9P7lYSMMDJNt11kNgs="
    },
    "rndm": {
      "version": "1.2.0",
      "resolved": "https://registry.npmjs.org/rndm/-/rndm-1.2.0.tgz",
      "integrity": "sha1-8z/pz7Urv9UgqhgyO8ZdsRCht2w="
    },
    "run-parallel": {
      "version": "1.1.9",
      "resolved": "https://registry.npmjs.org/run-parallel/-/run-parallel-1.1.9.tgz",
      "integrity": "sha512-DEqnSRTDw/Tc3FXf49zedI638Z9onwUotBMiUFKmrO2sdFKIbXamXGQ3Axd4qgphxKB4kw/qP1w5kTxnfU1B9Q=="
    },
    "run-waterfall": {
      "version": "1.1.6",
      "resolved": "https://registry.npmjs.org/run-waterfall/-/run-waterfall-1.1.6.tgz",
      "integrity": "sha512-dApPbpIK0hbFi2zqfJxrsnfmJW2HCQHFrSsmqF3Fp9TKm5WVf++zE6BSw0hPcA7rPapO37h12Swk2E6Va3tF7Q=="
    },
    "serialize-error": {
      "version": "2.1.0",
      "resolved": "https://registry.npmjs.org/serialize-error/-/serialize-error-2.1.0.tgz",
      "integrity": "sha1-ULZ51WNc34Rme9yOWa9OW4HV9go="
    },
    "supports-color": {
      "version": "5.5.0",
      "resolved": "https://registry.npmjs.org/supports-color/-/supports-color-5.5.0.tgz",
      "integrity": "sha512-QjVjwdXIt408MIiAqCX4oUKsgU2EqAGzs2Ppkm4aQYbjm+ZEWEcW4SfFNTr4uMNZma0ey4f5lgLrkB0aX0QMow==",
      "requires": {
        "has-flag": "^3.0.0"
      }
    },
    "tsscmp": {
      "version": "1.0.5",
      "resolved": "https://registry.npmjs.org/tsscmp/-/tsscmp-1.0.5.tgz",
      "integrity": "sha1-fcSjOvcVgatDN9qR2FylQn69mpc="
    },
    "uid-safe": {
      "version": "2.1.5",
      "resolved": "https://registry.npmjs.org/uid-safe/-/uid-safe-2.1.5.tgz",
      "integrity": "sha512-KPHm4VL5dDXKz01UuEd88Df+KzynaohSL9fBh096KWAxSKZQDI2uBrVqtvRM4rwrIrRRKsdLNML/lnaaVSRioA==",
      "requires": {
        "random-bytes": "~1.0.0"
      }
    }
  }
}
